
Microsoft Visual Studio Solution File, Format Version 12.00
# Visual Studio Version 17
VisualStudioVersion = 17.6.33815.320
MinimumVisualStudioVersion = 10.0.40219.1
Project("{FAE04EC0-301F-11D3-BF4B-00C04F79EFBC}") = "OrderApp", "OrderApp\OrderApp.csproj", "{40846070-8675-4A18-A299-C7FB666A8CB8}"
EndProject
Global
	GlobalSection(SolutionConfigurationPlatforms) = preSolution
		Debug|Any CPU = Debug|Any CPU
		Release|Any CPU = Release|Any CPU
	EndGlobalSection
	GlobalSection(ProjectConfigurationPlatforms) = postSolution
		{40846070-8675-4A18-A299-C7FB666A8CB8}.Debug|Any CPU.ActiveCfg = Debug|Any CPU
		{40846070-8675-4A18-A299-C7FB666A8CB8}.Debug|Any CPU.Build.0 = Debug|Any CPU
		{40846070-8675-4A18-A299-C7FB666A8CB8}.Release|Any CPU.ActiveCfg = Release|Any CPU
		{40846070-8675-4A18-A299-C7FB666A8CB8}.Release|Any CPU.Build.0 = Release|Any CPU
	EndGlobalSection
	GlobalSection(SolutionProperties) = preSolution
		HideSolutionNode = FALSE
	EndGlobalSection
	GlobalSection(ExtensibilityGlobals) = postSolution
		SolutionGuid = {711A685C-AFDD-4F53-AAE0-ADDBB65BCF96}
	EndGlobalSection
EndGlobal
